
Microsoft Visual Studio Solution File, Format Version 12.00
# Visual Studio 15
VisualStudioVersion = 15.0.28010.2048
MinimumVisualStudioVersion = 10.0.40219.1
Project("{FAE04EC0-301F-11D3-BF4B-00C04F79EFBC}") = "lkcar_schedule", "lkcar_schedule\lkcar_schedule.csproj", "{2DBBC051-3CE4-4200-82D1-1465EC213A89}"
EndProject
Global
	GlobalSection(SolutionConfigurationPlatforms) = preSolution
		Debug|Any CPU = Debug|Any CPU
		Release|Any CPU = Release|Any CPU
	EndGlobalSection
	GlobalSection(ProjectConfigurationPlatforms) = postSolution
		{2DBBC051-3CE4-4200-82D1-1465EC213A89}.Debug|Any CPU.ActiveCfg = Debug|Any CPU
		{2DBBC051-3CE4-4200-82D1-1465EC213A89}.Debug|Any CPU.Build.0 = Debug|Any CPU
		{2DBBC051-3CE4-4200-82D1-1465EC213A89}.Release|Any CPU.ActiveCfg = Release|Any CPU
		{2DBBC051-3CE4-4200-82D1-1465EC213A89}.Release|Any CPU.Build.0 = Release|Any CPU
	EndGlobalSection
	GlobalSection(SolutionProperties) = preSolution
		HideSolutionNode = FALSE
	EndGlobalSection
	GlobalSection(ExtensibilityGlobals) = postSolution
		SolutionGuid = {D3CFBEBF-6F4C-4A04-ACB2-34F5A634CC44}
	EndGlobalSection
EndGlobal
